
Microsoft Visual Studio Solution File, Format Version 12.00
# Visual Studio Version 17
VisualStudioVersion = 17.7.34031.279
MinimumVisualStudioVersion = 10.0.40219.1
Project("{FAE04EC0-301F-11D3-BF4B-00C04F79EFBC}") = "aspMvcCaseStudy", "aspMvcCaseStudy\aspMvcCaseStudy.csproj", "{024949E0-A365-4C37-A687-85F3E2E4E99D}"
EndProject
Global
	GlobalSection(SolutionConfigurationPlatforms) = preSolution
		Debug|Any CPU = Debug|Any CPU
		Release|Any CPU = Release|Any CPU
	EndGlobalSection
	GlobalSection(ProjectConfigurationPlatforms) = postSolution
		{024949E0-A365-4C37-A687-85F3E2E4E99D}.Debug|Any CPU.ActiveCfg = Debug|Any CPU
		{024949E0-A365-4C37-A687-85F3E2E4E99D}.Debug|Any CPU.Build.0 = Debug|Any CPU
		{024949E0-A365-4C37-A687-85F3E2E4E99D}.Release|Any CPU.ActiveCfg = Release|Any CPU
		{024949E0-A365-4C37-A687-85F3E2E4E99D}.Release|Any CPU.Build.0 = Release|Any CPU
	EndGlobalSection
	GlobalSection(SolutionProperties) = preSolution
		HideSolutionNode = FALSE
	EndGlobalSection
	GlobalSection(ExtensibilityGlobals) = postSolution
		SolutionGuid = {EFECFEF3-3D76-4843-A779-780A8BCEB897}
	EndGlobalSection
EndGlobal
